
Microsoft Visual Studio Solution File, Format Version 12.00
# Visual Studio 15
Project("{FAE04EC0-301F-11D3-BF4B-00C04F79EFBC}") = "AstarPathfindingProject", "AstarPathfindingProject.csproj", "{DBAD66CB-07B2-E8AD-B5AF-DD2880D2A779}"
EndProject
Project("{FAE04EC0-301F-11D3-BF4B-00C04F79EFBC}") = "Assembly-CSharp", "Assembly-CSharp.csproj", "{2E83275C-168D-0E55-68F1-4D04B4591466}"
EndProject
Project("{FAE04EC0-301F-11D3-BF4B-00C04F79EFBC}") = "PackageToolsEditor", "PackageToolsEditor.csproj", "{69E79C3C-F2AF-DD9A-BDE5-FF13F53CE292}"
EndProject
Project("{FAE04EC0-301F-11D3-BF4B-00C04F79EFBC}") = "AstarPathfindingProjectEditor", "AstarPathfindingProjectEditor.csproj", "{B0DA75ED-EB2C-8A73-AB83-1040D5187488}"
EndProject
Global
	GlobalSection(SolutionConfigurationPlatforms) = preSolution
		Debug|Any CPU = Debug|Any CPU
		Release|Any CPU = Release|Any CPU
	EndGlobalSection
	GlobalSection(ProjectConfigurationPlatforms) = postSolution
		{DBAD66CB-07B2-E8AD-B5AF-DD2880D2A779}.Debug|Any CPU.ActiveCfg = Debug|Any CPU
		{DBAD66CB-07B2-E8AD-B5AF-DD2880D2A779}.Debug|Any CPU.Build.0 = Debug|Any CPU
		{DBAD66CB-07B2-E8AD-B5AF-DD2880D2A779}.Release|Any CPU.ActiveCfg = Release|Any CPU
		{DBAD66CB-07B2-E8AD-B5AF-DD2880D2A779}.Release|Any CPU.Build.0 = Release|Any CPU
		{2E83275C-168D-0E55-68F1-4D04B4591466}.Debug|Any CPU.ActiveCfg = Debug|Any CPU
		{2E83275C-168D-0E55-68F1-4D04B4591466}.Debug|Any CPU.Build.0 = Debug|Any CPU
		{2E83275C-168D-0E55-68F1-4D04B4591466}.Release|Any CPU.ActiveCfg = Release|Any CPU
		{2E83275C-168D-0E55-68F1-4D04B4591466}.Release|Any CPU.Build.0 = Release|Any CPU
		{69E79C3C-F2AF-DD9A-BDE5-FF13F53CE292}.Debug|Any CPU.ActiveCfg = Debug|Any CPU
		{69E79C3C-F2AF-DD9A-BDE5-FF13F53CE292}.Debug|Any CPU.Build.0 = Debug|Any CPU
		{69E79C3C-F2AF-DD9A-BDE5-FF13F53CE292}.Release|Any CPU.ActiveCfg = Release|Any CPU
		{69E79C3C-F2AF-DD9A-BDE5-FF13F53CE292}.Release|Any CPU.Build.0 = Release|Any CPU
		{B0DA75ED-EB2C-8A73-AB83-1040D5187488}.Debug|Any CPU.ActiveCfg = Debug|Any CPU
		{B0DA75ED-EB2C-8A73-AB83-1040D5187488}.Debug|Any CPU.Build.0 = Debug|Any CPU
		{B0DA75ED-EB2C-8A73-AB83-1040D5187488}.Release|Any CPU.ActiveCfg = Release|Any CPU
		{B0DA75ED-EB2C-8A73-AB83-1040D5187488}.Release|Any CPU.Build.0 = Release|Any CPU
	EndGlobalSection
	GlobalSection(SolutionProperties) = preSolution
		HideSolutionNode = FALSE
	EndGlobalSection
EndGlobal
